// !$*UTF8*$!
{
	archiveVersion = 1;
	classes = {
	};
	objectVersion = 46;
	objects = {

/* Begin PBXBuildFile section */
		C6AD2F701B00A9A4008910B3 /* AppDelegate.swift in Sources */ = {isa = PBXBuildFile; fileRef = C6AD2F6F1B00A9A4008910B3 /* AppDelegate.swift */; };
		C6AD2F721B00A9A4008910B3 /* ViewController.swift in Sources */ = {isa = PBXBuildFile; fileRef = C6AD2F711B00A9A4008910B3 /* ViewController.swift */; };
		C6AD2F751B00A9A4008910B3 /* Main.storyboard in Resources */ = {isa = PBXBuildFile; fileRef = C6AD2F731B00A9A4008910B3 /* Main.storyboard */; };
		C6AD2F771B00A9A4008910B3 /* Images.xcassets in Resources */ = {isa = PBXBuildFile; fileRef = C6AD2F761B00A9A4008910B3 /* Images.xcassets */; };
		C6AD2F7A1B00A9A4008910B3 /* LaunchScreen.xib in Resources */ = {isa = PBXBuildFile; fileRef = C6AD2F781B00A9A4008910B3 /* LaunchScreen.xib */; };
		C6AD2F861B00A9A4008910B3 /* SimpleTableTests.swift in Sources */ = {isa = PBXBuildFile; fileRef = C6AD2F851B00A9A4008910B3 /* SimpleTableTests.swift */; };
/* End PBXBuildFile section */

/* Begin PBXContainerItemProxy section */
		C6AD2F801B00A9A4008910B3 /* PBXContainerItemProxy */ = {
			isa = PBXContainerItemProxy;
			containerPortal = C6AD2F621B00A9A4008910B3 /* Project object */;
			proxyType = 1;
			remoteGlobalIDString = C6AD2F691B00A9A4008910B3;
			remoteInfo = SimpleTable;
		};
/* End PBXContainerItemProxy section */

/* Begin PBXFileReference section */
		C6AD2F6A1B00A9A4008910B3 /* SimpleTable.app */ = {isa = PBXFileReference; explicitFileType = wrapper.application; includeInIndex = 0; path = SimpleTable.app; sourceTree = BUILT_PRODUCTS_DIR; };
		C6AD2F6E1B00A9A4008910B3 /* Info.plist */ = {isa = PBXFileReference; lastKnownFileType = text.plist.xml; path = Info.plist; sourceTree = "<group>"; };
		C6AD2F6F1B00A9A4008910B3 /* AppDelegate.swift */ = {isa = PBXFileReference; lastKnownFileType = sourcecode.swift; path = AppDelegate.swift; sourceTree = "<group>"; };
		C6AD2F711B00A9A4008910B3 /* ViewController.swift */ = {isa = PBXFileReference; lastKnownFileType = sourcecode.swift; path = ViewController.swift; sourceTree = "<group>"; };
		C6AD2F741B00A9A4008910B3 /* Base */ = {isa = PBXFileReference; lastKnownFileType = file.storyboard; name = Base; path = Base.lproj/Main.storyboard; sourceTree = "<group>"; };
		C6AD2F761B00A9A4008910B3 /* Images.xcassets */ = {isa = PBXFileReference; lastKnownFileType = folder.assetcatalog; path = Images.xcassets; sourceTree = "<group>"; };
		C6AD2F791B00A9A4008910B3 /* Base */ = {isa = PBXFileReference; lastKnownFileType = file.xib; name = Base; path = Base.lproj/LaunchScreen.xib; sourceTree = "<group>"; };
		C6AD2F7F1B00A9A4008910B3 /* SimpleTableTests.xctest */ = {isa = PBXFileReference; explicitFileType = wrapper.cfbundle; includeInIndex = 0; path = SimpleTableTests.xctest; sourceTree = BUILT_PRODUCTS_DIR; };
		C6AD2F841B00A9A4008910B3 /* Info.plist */ = {isa = PBXFileReference; lastKnownFileType = text.plist.xml; path = Info.plist; sourceTree = "<group>"; };
		C6AD2F851B00A9A4008910B3 /* SimpleTableTests.swift */ = {isa = PBXFileReference; lastKnownFileType = sourcecode.swift; path = SimpleTableTests.swift; sourceTree = "<group>"; };
/* End PBXFileReference section */

/* Begin PBXFrameworksBuildPhase section */
		C6AD2F671B00A9A4008910B3 /* Frameworks */ = {
			isa = PBXFrameworksBuildPhase;
			buildActionMask = 2147483647;
			files = (
			);
			runOnlyForDeploymentPostprocessing = 0;
		};
		C6AD2F7C1B00A9A4008910B3 /* Frameworks */ = {
			isa = PBXFrameworksBuildPhase;
			buildActionMask = 2147483647;
			files = (
			);
			runOnlyForDeploymentPostprocessing = 0;
		};
/* End PBXFrameworksBuildPhase section */

/* Begin PBXGroup section */
		C6AD2F611B00A9A4008910B3 = {
			isa = PBXGroup;
			children = (
				C6AD2F6C1B00A9A4008910B3 /* SimpleTable */,
				C6AD2F821B00A9A4008910B3 /* SimpleTableTests */,
				C6AD2F6B1B00A9A4008910B3 /* Products */,
			);
			sourceTree = "<group>";
		};
		C6AD2F6B1B00A9A4008910B3 /* Products */ = {
			isa = PBXGroup;
			children = (
				C6AD2F6A1B00A9A4008910B3 /* SimpleTable.app */,
				C6AD2F7F1B00A9A4008910B3 /* SimpleTableTests.xctest */,
			);
			name = Products;
			sourceTree = "<group>";
		};
		C6AD2F6C1B00A9A4008910B3 /* SimpleTable */ = {
			isa = PBXGroup;
			children = (
				C6AD2F6F1B00A9A4008910B3 /* AppDelegate.swift */,
				C6AD2F711B00A9A4008910B3 /* ViewController.swift */,
				C6AD2F731B00A9A4008910B3 /* Main.storyboard */,
				C6AD2F761B00A9A4008910B3 /* Images.xcassets */,
				C6AD2F781B00A9A4008910B3 /* LaunchScreen.xib */,
				C6AD2F6D1B00A9A4008910B3 /* Supporting Files */,
			);
			path = SimpleTable;
			sourceTree = "<group>";
		};
		C6AD2F6D1B00A9A4008910B3 /* Supporting Files */ = {
			isa = PBXGroup;
			children = (
				C6AD2F6E1B00A9A4008910B3 /* Info.plist */,
			);
			name = "Supporting Files";
			sourceTree = "<group>";
		};
		C6AD2F821B00A9A4008910B3 /* SimpleTableTests */ = {
			isa = PBXGroup;
			children = (
				C6AD2F851B00A9A4008910B3 /* SimpleTableTests.swift */,
				C6AD2F831B00A9A4008910B3 /* Supporting Files */,
			);
			path = SimpleTableTests;
			sourceTree = "<group>";
		};
		C6AD2F831B00A9A4008910B3 /* Supporting Files */ = {
			isa = PBXGroup;
			children = (
				C6AD2F841B00A9A4008910B3 /* Info.plist */,
			);
			name = "Supporting Files";
			sourceTree = "<group>";
		};
/* End PBXGroup section */

/* Begin PBXNativeTarget section */
		C6AD2F691B00A9A4008910B3 /* SimpleTable */ = {
			isa = PBXNativeTarget;
			buildConfigurationList = C6AD2F891B00A9A4008910B3 /* Build configuration list for PBXNativeTarget "SimpleTable" */;
			buildPhases = (
				C6AD2F661B00A9A4008910B3 /* Sources */,
				C6AD2F671B00A9A4008910B3 /* Frameworks */,
				C6AD2F681B00A9A4008910B3 /* Resources */,
			);
			buildRules = (
			);
			dependencies = (
			);
			name = SimpleTable;
			productName = SimpleTable;
			productReference = C6AD2F6A1B00A9A4008910B3 /* SimpleTable.app */;
			productType = "com.apple.product-type.application";
		};
		C6AD2F7E1B00A9A4008910B3 /* SimpleTableTests */ = {
			isa = PBXNativeTarget;
			buildConfigurationList = C6AD2F8C1B00A9A4008910B3 /* Build configuration list for PBXNativeTarget "SimpleTableTests" */;
			buildPhases = (
				C6AD2F7B1B00A9A4008910B3 /* Sources */,
				C6AD2F7C1B00A9A4008910B3 /* Frameworks */,
				C6AD2F7D1B00A9A4008910B3 /* Resources */,
			);
			buildRules = (
			);
			dependencies = (
				C6AD2F811B00A9A4008910B3 /* PBXTargetDependency */,
			);
			name = SimpleTableTests;
			productName = SimpleTableTests;
			productReference = C6AD2F7F1B00A9A4008910B3 /* SimpleTableTests.xctest */;
			productType = "com.apple.product-type.bundle.unit-test";
		};
/* End PBXNativeTarget section */

/* Begin PBXProject section */
		C6AD2F621B00A9A4008910B3 /* Project object */ = {
			isa = PBXProject;
			attributes = {
				LastSwiftMigration = 0700;
				LastSwiftUpdateCheck = 0700;
				LastUpgradeCheck = 0630;
				ORGANIZATIONNAME = SyuZihcing;
				TargetAttributes = {
					C6AD2F691B00A9A4008910B3 = {
						CreatedOnToolsVersion = 6.3;
					};
					C6AD2F7E1B00A9A4008910B3 = {
						CreatedOnToolsVersion = 6.3;
						TestTargetID = C6AD2F691B00A9A4008910B3;
					};
				};
			};
			buildConfigurationList = C6AD2F651B00A9A4008910B3 /* Build configuration list for PBXProject "SimpleTable" */;
			compatibilityVersion = "Xcode 3.2";
			developmentRegion = English;
			hasScannedForEncodings = 0;
			knownRegions = (
				en,
				Base,
			);
			mainGroup = C6AD2F611B00A9A4008910B3;
			productRefGroup = C6AD2F6B1B00A9A4008910B3 /* Products */;
			projectDirPath = "";
			projectRoot = "";
			targets = (
				C6AD2F691B00A9A4008910B3 /* SimpleTable */,
				C6AD2F7E1B00A9A4008910B3 /* SimpleTableTests */,
			);
		};
/* End PBXProject section */

/* Begin PBXResourcesBuildPhase section */
		C6AD2F681B00A9A4008910B3 /* Resources */ = {
			isa = PBXResourcesBuildPhase;
			buildActionMask = 2147483647;
			files = (
				C6AD2F751B00A9A4008910B3 /* Main.storyboard in Resources */,
				C6AD2F7A1B00A9A4008910B3 /* LaunchScreen.xib in Resources */,
				C6AD2F771B00A9A4008910B3 /* Images.xcassets in Resources */,
			);
			runOnlyForDeploymentPostprocessing = 0;
		};
		C6AD2F7D1B00A9A4008910B3 /* Resources */ = {
			isa = PBXResourcesBuildPhase;
			buildActionMask = 2147483647;
			files = (
			);
			runOnlyForDeploymentPostprocessing = 0;
		};
/* End PBXResourcesBuildPhase section */

/* Begin PBXSourcesBuildPhase section */
		C6AD2F661B00A9A4008910B3 /* Sources */ = {
			isa = PBXSourcesBuildPhase;
			buildActionMask = 2147483647;
			files = (
				C6AD2F721B00A9A4008910B3 /* ViewController.swift in Sources */,
				C6AD2F701B00A9A4008910B3 /* AppDelegate.swift in Sources */,
			);
			runOnlyForDeploymentPostprocessing = 0;
		};
		C6AD2F7B1B00A9A4008910B3 /* Sources */ = {
			isa = PBXSourcesBuildPhase;
			buildActionMask = 2147483647;
			files = (
				C6AD2F861B00A9A4008910B3 /* SimpleTableTests.swift in Sources */,
			);
			runOnlyForDeploymentPostprocessing = 0;
		};
/* End PBXSourcesBuildPhase section */

/* Begin PBXTargetDependency section */
		C6AD2F811B00A9A4008910B3 /* PBXTargetDependency */ = {
			isa = PBXTargetDependency;
			target = C6AD2F691B00A9A4008910B3 /* SimpleTable */;
			targetProxy = C6AD2F801B00A9A4008910B3 /* PBXContainerItemProxy */;
		};
/* End PBXTargetDependency section */

/* Begin PBXVariantGroup section */
		C6AD2F731B00A9A4008910B3 /* Main.storyboard */ = {
			isa = PBXVariantGroup;
			children = (
				C6AD2F741B00A9A4008910B3 /* Base */,
			);
			name = Main.storyboard;
			sourceTree = "<group>";
		};
		C6AD2F781B00A9A4008910B3 /* LaunchScreen.xib */ = {
			isa = PBXVariantGroup;
			children = (
				C6AD2F791B00A9A4008910B3 /* Base */,
			);
			name = LaunchScreen.xib;
			sourceTree = "<group>";
		};
/* End PBXVariantGroup section */

/* Begin XCBuildConfiguration section */
		C6AD2F871B00A9A4008910B3 /* Debug */ = {
			isa = XCBuildConfiguration;
			buildSettings = {
				ALWAYS_SEARCH_USER_PATHS = NO;
				CLANG_CXX_LANGUAGE_STANDARD = "gnu++0x";
				CLANG_CXX_LIBRARY = "libc++";
				CLANG_ENABLE_MODULES = YES;
				CLANG_ENABLE_OBJC_ARC = YES;
				CLANG_WARN_BOOL_CONVERSION = YES;
				CLANG_WARN_CONSTANT_CONVERSION = YES;
				CLANG_WARN_DIRECT_OBJC_ISA_USAGE = YES_ERROR;
				CLANG_WARN_EMPTY_BODY = YES;
				CLANG_WARN_ENUM_CONVERSION = YES;
				CLANG_WARN_INT_CONVERSION = YES;
				CLANG_WARN_OBJC_ROOT_CLASS = YES_ERROR;
				CLANG_WARN_UNREACHABLE_CODE = YES;
				CLANG_WARN__DUPLICATE_METHOD_MATCH = YES;
				"CODE_SIGN_IDENTITY[sdk=iphoneos*]" = "iPhone Developer";
				COPY_PHASE_STRIP = NO;
				DEBUG_INFORMATION_FORMAT = "dwarf-with-dsym";
				ENABLE_STRICT_OBJC_MSGSEND = YES;
				GCC_C_LANGUAGE_STANDARD = gnu99;
				GCC_DYNAMIC_NO_PIC = NO;
				GCC_NO_COMMON_BLOCKS = YES;
				GCC_OPTIMIZATION_LEVEL = 0;
				GCC_PREPROCESSOR_DEFINITIONS = (
					"DEBUG=1",
					"$(inherited)",
				);
				GCC_SYMBOLS_PRIVATE_EXTERN = NO;
				GCC_WARN_64_TO_32_BIT_CONVERSION = YES;
				GCC_WARN_ABOUT_RETURN_TYPE = YES_ERROR;
				GCC_WARN_UNDECLARED_SELECTOR = YES;
				GCC_WARN_UNINITIALIZED_AUTOS = YES_AGGRESSIVE;
				GCC_WARN_UNUSED_FUNCTION = YES;
				GCC_WARN_UNUSED_VARIABLE = YES;
				IPHONEOS_DEPLOYMENT_TARGET = 8.3;
				MTL_ENABLE_DEBUG_INFO = YES;
				ONLY_ACTIVE_ARCH = YES;
				SDKROOT = iphoneos;
				SWIFT_OPTIMIZATION_LEVEL = "-Onone";
			};
			name = Debug;
		};
		C6AD2F881B00A9A4008910B3 /* Release */ = {
			isa = XCBuildConfiguration;
			buildSettings = {
				ALWAYS_SEARCH_USER_PATHS = NO;
				CLANG_CXX_LANGUAGE_STANDARD = "gnu++0x";
				CLANG_CXX_LIBRARY = "libc++";
				CLANG_ENABLE_MODULES = YES;
				CLANG_ENABLE_OBJC_ARC = YES;
				CLANG_WARN_BOOL_CONVERSION = YES;
				CLANG_WARN_CONSTANT_CONVERSION = YES;
				CLANG_WARN_DIRECT_OBJC_ISA_USAGE = YES_ERROR;
				CLANG_WARN_EMPTY_BODY = YES;
				CLANG_WARN_ENUM_CONVERSION = YES;
				CLANG_WARN_INT_CONVERSION = YES;
				CLANG_WARN_OBJC_ROOT_CLASS = YES_ERROR;
				CLANG_WARN_UNREACHABLE_CODE = YES;
				CLANG_WARN__DUPLICATE_METHOD_MATCH = YES;
				"CODE_SIGN_IDENTITY[sdk=iphoneos*]" = "iPhone Developer";
				COPY_PHASE_STRIP = NO;
				DEBUG_INFORMATION_FORMAT = "dwarf-with-dsym";
				ENABLE_NS_ASSERTIONS = NO;
				ENABLE_STRICT_OBJC_MSGSEND = YES;
				GCC_C_LANGUAGE_STANDARD = gnu99;
				GCC_NO_COMMON_BLOCKS = YES;
				GCC_WARN_64_TO_32_BIT_CONVERSION = YES;
				GCC_WARN_ABOUT_RETURN_TYPE = YES_ERROR;
				GCC_WARN_UNDECLARED_SELECTOR = YES;
				GCC_WARN_UNINITIALIZED_AUTOS = YES_AGGRESSIVE;
				GCC_WARN_UNUSED_FUNCTION = YES;
				GCC_WARN_UNUSED_VARIABLE = YES;
				IPHONEOS_DEPLOYMENT_TARGET = 8.3;
				MTL_ENABLE_DEBUG_INFO = NO;
				SDKROOT = iphoneos;
				VALIDATE_PRODUCT = YES;
			};
			name = Release;
		};
		C6AD2F8A1B00A9A4008910B3 /* Debug */ = {
			isa = XCBuildConfiguration;
			buildSettings = {
				ASSETCATALOG_COMPILER_APPICON_NAME = AppIcon;
				INFOPLIST_FILE = SimpleTable/Info.plist;
				LD_RUNPATH_SEARCH_PATHS = "$(inherited) @executable_path/Frameworks";
				PRODUCT_NAME = "$(TARGET_NAME)";
			};
			name = Debug;
		};
		C6AD2F8B1B00A9A4008910B3 /* Release */ = {
			isa = XCBuildConfiguration;
			buildSettings = {
				ASSETCATALOG_COMPILER_APPICON_NAME = AppIcon;
				INFOPLIST_FILE = SimpleTable/Info.plist;
				LD_RUNPATH_SEARCH_PATHS = "$(inherited) @executable_path/Frameworks";
				PRODUCT_NAME = "$(TARGET_NAME)";
			};
			name = Release;
		};
		C6AD2F8D1B00A9A4008910B3 /* Debug */ = {
			isa = XCBuildConfiguration;
			buildSettings = {
				BUNDLE_LOADER = "$(TEST_HOST)";
				FRAMEWORK_SEARCH_PATHS = (
					"$(SDKROOT)/Developer/Library/Frameworks",
					"$(inherited)",
				);
				GCC_PREPROCESSOR_DEFINITIONS = (
					"DEBUG=1",
					"$(inherited)",
				);
				INFOPLIST_FILE = SimpleTableTests/Info.plist;
				LD_RUNPATH_SEARCH_PATHS = "$(inherited) @executable_path/Frameworks @loader_path/Frameworks";
				PRODUCT_NAME = "$(TARGET_NAME)";
				TEST_HOST = "$(BUILT_PRODUCTS_DIR)/SimpleTable.app/SimpleTable";
			};
			name = Debug;
		};
		C6AD2F8E1B00A9A4008910B3 /* Release */ = {
			isa = XCBuildConfiguration;
			buildSettings = {
				BUNDLE_LOADER = "$(TEST_HOST)";
				FRAMEWORK_SEARCH_PATHS = (
					"$(SDKROOT)/Developer/Library/Frameworks",
					"$(inherited)",
				);
				INFOPLIST_FILE = SimpleTableTests/Info.plist;
				LD_RUNPATH_SEARCH_PATHS = "$(inherited) @executable_path/Frameworks @loader_path/Frameworks";
				PRODUCT_NAME = "$(TARGET_NAME)";
				TEST_HOST = "$(BUILT_PRODUCTS_DIR)/SimpleTable.app/SimpleTable";
			};
			name = Release;
		};
/* End XCBuildConfiguration section */

/* Begin XCConfigurationList section */
		C6AD2F651B00A9A4008910B3 /* Build configuration list for PBXProject "SimpleTable" */ = {
			isa = XCConfigurationList;
			buildConfigurations = (
				C6AD2F871B00A9A4008910B3 /* Debug */,
				C6AD2F881B00A9A4008910B3 /* Release */,
			);
			defaultConfigurationIsVisible = 0;
			defaultConfigurationName = Release;
		};
		C6AD2F891B00A9A4008910B3 /* Build configuration list for PBXNativeTarget "SimpleTable" */ = {
			isa = XCConfigurationList;
			buildConfigurations = (
				C6AD2F8A1B00A9A4008910B3 /* Debug */,
				C6AD2F8B1B00A9A4008910B3 /* Release */,
			);
			defaultConfigurationIsVisible = 0;
			defaultConfigurationName = Release;
		};
		C6AD2F8C1B00A9A4008910B3 /* Build configuration list for PBXNativeTarget "SimpleTableTests" */ = {
			isa = XCConfigurationList;
			buildConfigurations = (
				C6AD2F8D1B00A9A4008910B3 /* Debug */,
				C6AD2F8E1B00A9A4008910B3 /* Release */,
			);
			defaultConfigurationIsVisible = 0;
			defaultConfigurationName = Release;
		};
/* End XCConfigurationList section */
	};
	rootObject = C6AD2F621B00A9A4008910B3 /* Project object */;
}
